lockVersion: 2.0.0
id: c7e137ee-5432-4ca7-ac5c-9366d28b54c8
management:
  docChecksum: 942ca147b9e0dda2ea0e33059bcff771
  docVersion: 1.0.2
  speakeasyVersion: 1.220.0
  generationVersion: 2.286.7
  releaseVersion: 0.3.3
  configChecksum: 96dd65470739e47db0a00ef4b5ac9bd0
  repoURL: https://github.com/ozgurnew/keymate-python-sdk.git
  installationURL: https://github.com/ozgurnew/keymate-python-sdk.git
  published: true
features:
  python:
    additionalProperties: 0.1.0
    constsAndDefaults: 0.1.3
    core: 4.5.1
    flattening: 2.81.1
    globalSecurity: 2.83.5
    globalServerURLs: 2.82.2
    responseFormat: 0.1.0
generatedFiles:
  - src/keymateapi/sdkconfiguration.py
  - src/keymateapi/sdk.py
  - py.typed
  - pylintrc
  - setup.py
  - src/keymateapi/__init__.py
  - src/keymateapi/utils/__init__.py
  - src/keymateapi/utils/retries.py
  - src/keymateapi/utils/utils.py
  - src/keymateapi/models/errors/sdkerror.py
  - tests/helpers.py
  - src/keymateapi/models/operations/upsert.py
  - src/keymateapi/models/operations/query.py
  - src/keymateapi/models/operations/browseurl.py
  - src/keymateapi/models/operations/browse.py
  - src/keymateapi/models/operations/search.py
  - src/keymateapi/models/operations/ultrafastsearch.py
  - src/keymateapi/models/operations/gptsbrowse.py
  - src/keymateapi/models/operations/internetsearch.py
  - src/keymateapi/models/components/httpmetadata.py
  - src/keymateapi/models/components/browsewithproxyresultitem.py
  - src/keymateapi/models/components/browseresultitem.py
  - src/keymateapi/models/components/searchresultitem.py
  - src/keymateapi/models/components/security.py
  - src/keymateapi/models/errors/browseurl.py
  - src/keymateapi/models/errors/browse.py
  - src/keymateapi/models/errors/search.py
  - src/keymateapi/models/errors/ultrafastsearch.py
  - src/keymateapi/models/errors/gptsbrowse.py
  - src/keymateapi/models/errors/internetsearch.py
  - src/keymateapi/models/__init__.py
  - src/keymateapi/models/errors/__init__.py
  - src/keymateapi/models/operations/__init__.py
  - src/keymateapi/models/components/__init__.py
  - docs/models/operations/upsertrequest.md
  - docs/models/operations/upsertresponsebody.md
  - docs/models/operations/upsertresponse.md
  - docs/models/operations/queryrequest.md
  - docs/models/operations/queryresponsebody.md
  - docs/models/operations/queryresponse.md
  - docs/models/operations/browseurlrequest.md
  - docs/models/operations/browseurlresponseresponsebody.md
  - docs/models/operations/browseurlresponsebody.md
  - docs/models/operations/browseurlresponse.md
  - docs/models/operations/browserequest.md
  - docs/models/operations/browseresponseresponsebody.md
  - docs/models/operations/results.md
  - docs/models/operations/browseresponsebody.md
  - docs/models/operations/browseresponse.md
  - docs/models/operations/searchrequest.md
  - docs/models/operations/searchresponseresponsebody.md
  - docs/models/operations/searchresponsebody.md
  - docs/models/operations/searchresponse.md
  - docs/models/operations/ultrafastsearchrequest.md
  - docs/models/operations/ultrafastsearchresponseresponsebody.md
  - docs/models/operations/ultrafastsearchresults.md
  - docs/models/operations/ultrafastsearchresponsebody.md
  - docs/models/operations/ultrafastsearchresponse.md
  - docs/models/operations/gptsbrowserequest.md
  - docs/models/operations/gptsbrowseresponseresponsebody.md
  - docs/models/operations/gptsbrowseresponsebody.md
  - docs/models/operations/gptsbrowseresponse.md
  - docs/models/operations/internetsearchrequest.md
  - docs/models/operations/internetsearchresponseresponsebody.md
  - docs/models/operations/internetsearchresponsebody.md
  - docs/models/operations/internetsearchresponse.md
  - docs/models/components/httpmetadata.md
  - docs/models/components/browsewithproxyresultitem.md
  - docs/models/components/browseresultitem.md
  - docs/models/components/fullcontent.md
  - docs/models/components/searchresultitem.md
  - docs/models/components/security.md
  - docs/models/errors/browseurlresponsebody.md
  - docs/models/errors/browseresponseresponsebody.md
  - docs/models/errors/browseresponsebody.md
  - docs/models/errors/searchresponseresponsebody.md
  - docs/models/errors/searchresponsebody.md
  - docs/models/errors/ultrafastsearchresponsebody.md
  - docs/models/errors/gptsbrowseresponseresponsebody.md
  - docs/models/errors/gptsbrowseresponsebody.md
  - docs/models/errors/internetsearchresponseresponsebody.md
  - docs/models/errors/internetsearchresponsebody.md
  - docs/sdks/keymateapi/README.md
  - USAGE.md
  - .gitattributes
  - src/keymateapi/_hooks/sdkhooks.py
  - src/keymateapi/_hooks/types.py
  - src/keymateapi/_hooks/__init__.py
